// !$*UTF8*$!
{
	archiveVersion = 1;
	classes = {
	};
	objectVersion = 50;
	objects = {

/* Begin PBXBuildFile section */
		A152937F23D9DAB60042C178 /* AppDelegate.swift in Sources */ = {isa = PBXBuildFile; fileRef = A152937E23D9DAB60042C178 /* AppDelegate.swift */; };
		A152938123D9DAB60042C178 /* SceneDelegate.swift in Sources */ = {isa = PBXBuildFile; fileRef = A152938023D9DAB60042C178 /* SceneDelegate.swift */; };
		A152938323D9DAB60042C178 /* ContentView.swift in Sources */ = {isa = PBXBuildFile; fileRef = A152938223D9DAB60042C178 /* ContentView.swift */; };
		A152938523D9DAB80042C178 /* Assets.xcassets in Resources */ = {isa = PBXBuildFile; fileRef = A152938423D9DAB80042C178 /* Assets.xcassets */; };
		A152938823D9DAB80042C178 /* Preview Assets.xcassets in Resources */ = {isa = PBXBuildFile; fileRef = A152938723D9DAB80042C178 /* Preview Assets.xcassets */; };
		A152938B23D9DAB80042C178 /* LaunchScreen.storyboard in Resources */ = {isa = PBXBuildFile; fileRef = A152938923D9DAB80042C178 /* LaunchScreen.storyboard */; };
		A152939323D9DCE50042C178 /* Weather.swift in Sources */ = {isa = PBXBuildFile; fileRef = A152939223D9DCE50042C178 /* Weather.swift */; };
		A152939523D9DD630042C178 /* API.swift in Sources */ = {isa = PBXBuildFile; fileRef = A152939423D9DD630042C178 /* API.swift */; };
		A152939723D9EB820042C178 /* CurrentWeatherModelView.swift in Sources */ = {isa = PBXBuildFile; fileRef = A152939623D9EB820042C178 /* CurrentWeatherModelView.swift */; };
/* End PBXBuildFile section */

/* Begin PBXFileReference section */
		A152937B23D9DAB60042C178 /* Weather-SwiftUI.app */ = {isa = PBXFileReference; explicitFileType = wrapper.application; includeInIndex = 0; path = "Weather-SwiftUI.app"; sourceTree = BUILT_PRODUCTS_DIR; };
		A152937E23D9DAB60042C178 /* AppDelegate.swift */ = {isa = PBXFileReference; lastKnownFileType = sourcecode.swift; path = AppDelegate.swift; sourceTree = "<group>"; };
		A152938023D9DAB60042C178 /* SceneDelegate.swift */ = {isa = PBXFileReference; lastKnownFileType = sourcecode.swift; path = SceneDelegate.swift; sourceTree = "<group>"; };
		A152938223D9DAB60042C178 /* ContentView.swift */ = {isa = PBXFileReference; lastKnownFileType = sourcecode.swift; path = ContentView.swift; sourceTree = "<group>"; };
		A152938423D9DAB80042C178 /* Assets.xcassets */ = {isa = PBXFileReference; lastKnownFileType = folder.assetcatalog; path = Assets.xcassets; sourceTree = "<group>"; };
		A152938723D9DAB80042C178 /* Preview Assets.xcassets */ = {isa = PBXFileReference; lastKnownFileType = folder.assetcatalog; path = "Preview Assets.xcassets"; sourceTree = "<group>"; };
		A152938A23D9DAB80042C178 /* Base */ = {isa = PBXFileReference; lastKnownFileType = file.storyboard; name = Base; path = Base.lproj/LaunchScreen.storyboard; sourceTree = "<group>"; };
		A152938C23D9DAB80042C178 /* Info.plist */ = {isa = PBXFileReference; lastKnownFileType = text.plist.xml; path = Info.plist; sourceTree = "<group>"; };
		A152939223D9DCE50042C178 /* Weather.swift */ = {isa = PBXFileReference; lastKnownFileType = sourcecode.swift; path = Weather.swift; sourceTree = "<group>"; };
		A152939423D9DD630042C178 /* API.swift */ = {isa = PBXFileReference; lastKnownFileType = sourcecode.swift; path = API.swift; sourceTree = "<group>"; };
		A152939623D9EB820042C178 /* CurrentWeatherModelView.swift */ = {isa = PBXFileReference; lastKnownFileType = sourcecode.swift; path = CurrentWeatherModelView.swift; sourceTree = "<group>"; };
/* End PBXFileReference section */

/* Begin PBXFrameworksBuildPhase section */
		A152937823D9DAB60042C178 /* Frameworks */ = {
			isa = PBXFrameworksBuildPhase;
			buildActionMask = 2147483647;
			files = (
			);
			runOnlyForDeploymentPostprocessing = 0;
		};
/* End PBXFrameworksBuildPhase section */

/* Begin PBXGroup section */
		A152937223D9DAB60042C178 = {
			isa = PBXGroup;
			children = (
				A152937D23D9DAB60042C178 /* Weather-SwiftUI */,
				A152937C23D9DAB60042C178 /* Products */,
			);
			sourceTree = "<group>";
		};
		A152937C23D9DAB60042C178 /* Products */ = {
			isa = PBXGroup;
			children = (
				A152937B23D9DAB60042C178 /* Weather-SwiftUI.app */,
			);
			name = Products;
			sourceTree = "<group>";
		};
		A152937D23D9DAB60042C178 /* Weather-SwiftUI */ = {
			isa = PBXGroup;
			children = (
				A152939B23DA14590042C178 /* Utils */,
				A152939A23DA14510042C178 /* View */,
				A152939923DA144B0042C178 /* ViewModel */,
				A152939823DA14280042C178 /* Model */,
				A152938423D9DAB80042C178 /* Assets.xcassets */,
				A152938923D9DAB80042C178 /* LaunchScreen.storyboard */,
				A152938C23D9DAB80042C178 /* Info.plist */,
				A152938623D9DAB80042C178 /* Preview Content */,
			);
			path = "Weather-SwiftUI";
			sourceTree = "<group>";
		};
		A152938623D9DAB80042C178 /* Preview Content */ = {
			isa = PBXGroup;
			children = (
				A152938723D9DAB80042C178 /* Preview Assets.xcassets */,
			);
			path = "Preview Content";
			sourceTree = "<group>";
		};
		A152939823DA14280042C178 /* Model */ = {
			isa = PBXGroup;
			children = (
				A152939223D9DCE50042C178 /* Weather.swift */,
			);
			path = Model;
			sourceTree = "<group>";
		};
		A152939923DA144B0042C178 /* ViewModel */ = {
			isa = PBXGroup;
			children = (
				A152939623D9EB820042C178 /* CurrentWeatherModelView.swift */,
			);
			path = ViewModel;
			sourceTree = "<group>";
		};
		A152939A23DA14510042C178 /* View */ = {
			isa = PBXGroup;
			children = (
				A152937E23D9DAB60042C178 /* AppDelegate.swift */,
				A152938023D9DAB60042C178 /* SceneDelegate.swift */,
				A152938223D9DAB60042C178 /* ContentView.swift */,
			);
			path = View;
			sourceTree = "<group>";
		};
		A152939B23DA14590042C178 /* Utils */ = {
			isa = PBXGroup;
			children = (
				A152939423D9DD630042C178 /* API.swift */,
			);
			path = Utils;
			sourceTree = "<group>";
		};
/* End PBXGroup section */

/* Begin PBXNativeTarget section */
		A152937A23D9DAB60042C178 /* Weather-SwiftUI */ = {
			isa = PBXNativeTarget;
			buildConfigurationList = A152938F23D9DAB80042C178 /* Build configuration list for PBXNativeTarget "Weather-SwiftUI" */;
			buildPhases = (
				A152937723D9DAB60042C178 /* Sources */,
				A152937823D9DAB60042C178 /* Frameworks */,
				A152937923D9DAB60042C178 /* Resources */,
			);
			buildRules = (
			);
			dependencies = (
			);
			name = "Weather-SwiftUI";
			productName = "Weather-SwiftUI";
			productReference = A152937B23D9DAB60042C178 /* Weather-SwiftUI.app */;
			productType = "com.apple.product-type.application";
		};
/* End PBXNativeTarget section */

/* Begin PBXProject section */
		A152937323D9DAB60042C178 /* Project object */ = {
			isa = PBXProject;
			attributes = {
				LastSwiftUpdateCheck = 1130;
				LastUpgradeCheck = 1130;
				ORGANIZATIONNAME = Sinbad;
				TargetAttributes = {
					A152937A23D9DAB60042C178 = {
						CreatedOnToolsVersion = 11.3.1;
					};
				};
			};
			buildConfigurationList = A152937623D9DAB60042C178 /* Build configuration list for PBXProject "Weather-SwiftUI" */;
			compatibilityVersion = "Xcode 9.3";
			developmentRegion = en;
			hasScannedForEncodings = 0;
			knownRegions = (
				en,
				Base,
			);
			mainGroup = A152937223D9DAB60042C178;
			productRefGroup = A152937C23D9DAB60042C178 /* Products */;
			projectDirPath = "";
			projectRoot = "";
			targets = (
				A152937A23D9DAB60042C178 /* Weather-SwiftUI */,
			);
		};
/* End PBXProject section */

/* Begin PBXResourcesBuildPhase section */
		A152937923D9DAB60042C178 /* Resources */ = {
			isa = PBXResourcesBuildPhase;
			buildActionMask = 2147483647;
			files = (
				A152938B23D9DAB80042C178 /* LaunchScreen.storyboard in Resources */,
				A152938823D9DAB80042C178 /* Preview Assets.xcassets in Resources */,
				A152938523D9DAB80042C178 /* Assets.xcassets in Resources */,
			);
			runOnlyForDeploymentPostprocessing = 0;
		};
/* End PBXResourcesBuildPhase section */

/* Begin PBXSourcesBuildPhase section */
		A152937723D9DAB60042C178 /* Sources */ = {
			isa = PBXSourcesBuildPhase;
			buildActionMask = 2147483647;
			files = (
				A152939323D9DCE50042C178 /* Weather.swift in Sources */,
				A152937F23D9DAB60042C178 /* AppDelegate.swift in Sources */,
				A152938123D9DAB60042C178 /* SceneDelegate.swift in Sources */,
				A152938323D9DAB60042C178 /* ContentView.swift in Sources */,
				A152939523D9DD630042C178 /* API.swift in Sources */,
				A152939723D9EB820042C178 /* CurrentWeatherModelView.swift in Sources */,
			);
			runOnlyForDeploymentPostprocessing = 0;
		};
/* End PBXSourcesBuildPhase section */

/* Begin PBXVariantGroup section */
		A152938923D9DAB80042C178 /* LaunchScreen.storyboard */ = {
			isa = PBXVariantGroup;
			children = (
				A152938A23D9DAB80042C178 /* Base */,
			);
			name = LaunchScreen.storyboard;
			sourceTree = "<group>";
		};
/* End PBXVariantGroup section */

/* Begin XCBuildConfiguration section */
		A152938D23D9DAB80042C178 /* Debug */ = {
			isa = XCBuildConfiguration;
			buildSettings = {
				ALWAYS_SEARCH_USER_PATHS = NO;
				CLANG_ANALYZER_NONNULL = YES;
				CLANG_ANALYZER_NUMBER_OBJECT_CONVERSION = YES_AGGRESSIVE;
				CLANG_CXX_LANGUAGE_STANDARD = "gnu++14";
				CLANG_CXX_LIBRARY = "libc++";
				CLANG_ENABLE_MODULES = YES;
				CLANG_ENABLE_OBJC_ARC = YES;
				CLANG_ENABLE_OBJC_WEAK = YES;
				CLANG_WARN_BLOCK_CAPTURE_AUTORELEASING = YES;
				CLANG_WARN_BOOL_CONVERSION = YES;
				CLANG_WARN_COMMA = YES;
				CLANG_WARN_CONSTANT_CONVERSION = YES;
				CLANG_WARN_DEPRECATED_OBJC_IMPLEMENTATIONS = YES;
				CLANG_WARN_DIRECT_OBJC_ISA_USAGE = YES_ERROR;
				CLANG_WARN_DOCUMENTATION_COMMENTS = YES;
				CLANG_WARN_EMPTY_BODY = YES;
				CLANG_WARN_ENUM_CONVERSION = YES;
				CLANG_WARN_INFINITE_RECURSION = YES;
				CLANG_WARN_INT_CONVERSION = YES;
				CLANG_WARN_NON_LITERAL_NULL_CONVERSION = YES;
				CLANG_WARN_OBJC_IMPLICIT_RETAIN_SELF = YES;
				CLANG_WARN_OBJC_LITERAL_CONVERSION = YES;
				CLANG_WARN_OBJC_ROOT_CLASS = YES_ERROR;
				CLANG_WARN_RANGE_LOOP_ANALYSIS = YES;
				CLANG_WARN_STRICT_PROTOTYPES = YES;
				CLANG_WARN_SUSPICIOUS_MOVE = YES;
				CLANG_WARN_UNGUARDED_AVAILABILITY = YES_AGGRESSIVE;
				CLANG_WARN_UNREACHABLE_CODE = YES;
				CLANG_WARN__DUPLICATE_METHOD_MATCH = YES;
				COPY_PHASE_STRIP = NO;
				DEBUG_INFORMATION_FORMAT = dwarf;
				ENABLE_STRICT_OBJC_MSGSEND = YES;
				ENABLE_TESTABILITY = YES;
				GCC_C_LANGUAGE_STANDARD = gnu11;
				GCC_DYNAMIC_NO_PIC = NO;
				GCC_NO_COMMON_BLOCKS = YES;
				GCC_OPTIMIZATION_LEVEL = 0;
				GCC_PREPROCESSOR_DEFINITIONS = (
					"DEBUG=1",
					"$(inherited)",
				);
				GCC_WARN_64_TO_32_BIT_CONVERSION = YES;
				GCC_WARN_ABOUT_RETURN_TYPE = YES_ERROR;
				GCC_WARN_UNDECLARED_SELECTOR = YES;
				GCC_WARN_UNINITIALIZED_AUTOS = YES_AGGRESSIVE;
				GCC_WARN_UNUSED_FUNCTION = YES;
				GCC_WARN_UNUSED_VARIABLE = YES;
				IPHONEOS_DEPLOYMENT_TARGET = 13.2;
				MTL_ENABLE_DEBUG_INFO = INCLUDE_SOURCE;
				MTL_FAST_MATH = YES;
				ONLY_ACTIVE_ARCH = YES;
				SDKROOT = iphoneos;
				SWIFT_ACTIVE_COMPILATION_CONDITIONS = DEBUG;
				SWIFT_OPTIMIZATION_LEVEL = "-Onone";
			};
			name = Debug;
		};
		A152938E23D9DAB80042C178 /* Release */ = {
			isa = XCBuildConfiguration;
			buildSettings = {
				ALWAYS_SEARCH_USER_PATHS = NO;
				CLANG_ANALYZER_NONNULL = YES;
				CLANG_ANALYZER_NUMBER_OBJECT_CONVERSION = YES_AGGRESSIVE;
				CLANG_CXX_LANGUAGE_STANDARD = "gnu++14";
				CLANG_CXX_LIBRARY = "libc++";
				CLANG_ENABLE_MODULES = YES;
				CLANG_ENABLE_OBJC_ARC = YES;
				CLANG_ENABLE_OBJC_WEAK = YES;
				CLANG_WARN_BLOCK_CAPTURE_AUTORELEASING = YES;
				CLANG_WARN_BOOL_CONVERSION = YES;
				CLANG_WARN_COMMA = YES;
				CLANG_WARN_CONSTANT_CONVERSION = YES;
				CLANG_WARN_DEPRECATED_OBJC_IMPLEMENTATIONS = YES;
				CLANG_WARN_DIRECT_OBJC_ISA_USAGE = YES_ERROR;
				CLANG_WARN_DOCUMENTATION_COMMENTS = YES;
				CLANG_WARN_EMPTY_BODY = YES;
				CLANG_WARN_ENUM_CONVERSION = YES;
				CLANG_WARN_INFINITE_RECURSION = YES;
				CLANG_WARN_INT_CONVERSION = YES;
				CLANG_WARN_NON_LITERAL_NULL_CONVERSION = YES;
				CLANG_WARN_OBJC_IMPLICIT_RETAIN_SELF = YES;
				CLANG_WARN_OBJC_LITERAL_CONVERSION = YES;
				CLANG_WARN_OBJC_ROOT_CLASS = YES_ERROR;
				CLANG_WARN_RANGE_LOOP_ANALYSIS = YES;
				CLANG_WARN_STRICT_PROTOTYPES = YES;
				CLANG_WARN_SUSPICIOUS_MOVE = YES;
				CLANG_WARN_UNGUARDED_AVAILABILITY = YES_AGGRESSIVE;
				CLANG_WARN_UNREACHABLE_CODE = YES;
				CLANG_WARN__DUPLICATE_METHOD_MATCH = YES;
				COPY_PHASE_STRIP = NO;
				DEBUG_INFORMATION_FORMAT = "dwarf-with-dsym";
				ENABLE_NS_ASSERTIONS = NO;
				ENABLE_STRICT_OBJC_MSGSEND = YES;
				GCC_C_LANGUAGE_STANDARD = gnu11;
				GCC_NO_COMMON_BLOCKS = YES;
				GCC_WARN_64_TO_32_BIT_CONVERSION = YES;
				GCC_WARN_ABOUT_RETURN_TYPE = YES_ERROR;
				GCC_WARN_UNDECLARED_SELECTOR = YES;
				GCC_WARN_UNINITIALIZED_AUTOS = YES_AGGRESSIVE;
				GCC_WARN_UNUSED_FUNCTION = YES;
				GCC_WARN_UNUSED_VARIABLE = YES;
				IPHONEOS_DEPLOYMENT_TARGET = 13.2;
				MTL_ENABLE_DEBUG_INFO = NO;
				MTL_FAST_MATH = YES;
				SDKROOT = iphoneos;
				SWIFT_COMPILATION_MODE = wholemodule;
				SWIFT_OPTIMIZATION_LEVEL = "-O";
				VALIDATE_PRODUCT = YES;
			};
			name = Release;
		};
		A152939023D9DAB80042C178 /* Debug */ = {
			isa = XCBuildConfiguration;
			buildSettings = {
				ASSETCATALOG_COMPILER_APPICON_NAME = AppIcon;
				CODE_SIGN_STYLE = Automatic;
				DEVELOPMENT_ASSET_PATHS = "\"Weather-SwiftUI/Preview Content\"";
				ENABLE_PREVIEWS = YES;
				INFOPLIST_FILE = "Weather-SwiftUI/Info.plist";
				LD_RUNPATH_SEARCH_PATHS = (
					"$(inherited)",
					"@executable_path/Frameworks",
				);
				PRODUCT_BUNDLE_IDENTIFIER = "devsloop.Weather-SwiftUI";
				PRODUCT_NAME = "$(TARGET_NAME)";
				SWIFT_VERSION = 5.0;
				TARGETED_DEVICE_FAMILY = "1,2";
			};
			name = Debug;
		};
		A152939123D9DAB80042C178 /* Release */ = {
			isa = XCBuildConfiguration;
			buildSettings = {
				ASSETCATALOG_COMPILER_APPICON_NAME = AppIcon;
				CODE_SIGN_STYLE = Automatic;
				DEVELOPMENT_ASSET_PATHS = "\"Weather-SwiftUI/Preview Content\"";
				ENABLE_PREVIEWS = YES;
				INFOPLIST_FILE = "Weather-SwiftUI/Info.plist";
				LD_RUNPATH_SEARCH_PATHS = (
					"$(inherited)",
					"@executable_path/Frameworks",
				);
				PRODUCT_BUNDLE_IDENTIFIER = "devsloop.Weather-SwiftUI";
				PRODUCT_NAME = "$(TARGET_NAME)";
				SWIFT_VERSION = 5.0;
				TARGETED_DEVICE_FAMILY = "1,2";
			};
			name = Release;
		};
/* End XCBuildConfiguration section */

/* Begin XCConfigurationList section */
		A152937623D9DAB60042C178 /* Build configuration list for PBXProject "Weather-SwiftUI" */ = {
			isa = XCConfigurationList;
			buildConfigurations = (
				A152938D23D9DAB80042C178 /* Debug */,
				A152938E23D9DAB80042C178 /* Release */,
			);
			defaultConfigurationIsVisible = 0;
			defaultConfigurationName = Release;
		};
		A152938F23D9DAB80042C178 /* Build configuration list for PBXNativeTarget "Weather-SwiftUI" */ = {
			isa = XCConfigurationList;
			buildConfigurations = (
				A152939023D9DAB80042C178 /* Debug */,
				A152939123D9DAB80042C178 /* Release */,
			);
			defaultConfigurationIsVisible = 0;
			defaultConfigurationName = Release;
		};
/* End XCConfigurationList section */
	};
	rootObject = A152937323D9DAB60042C178 /* Project object */;
}
